
Microsoft Visual Studio Solution File, Format Version 12.00
# Visual Studio Version 17
VisualStudioVersion = 17.5.002.0
MinimumVisualStudioVersion = 10.0.40219.1
Project("{9A19103F-16F7-4668-BE54-9A1E7A4F7556}") = "Boo-King", "Boo-King.csproj", "{564372EF-5067-4317-8BE7-EA1EFF1126F1}"
EndProject
Global
	GlobalSection(SolutionConfigurationPlatforms) = preSolution
		Debug|Any CPU = Debug|Any CPU
		Release|Any CPU = Release|Any CPU
	EndGlobalSection
	GlobalSection(ProjectConfigurationPlatforms) = postSolution
		{564372EF-5067-4317-8BE7-EA1EFF1126F1}.Debug|Any CPU.ActiveCfg = Debug|Any CPU
		{564372EF-5067-4317-8BE7-EA1EFF1126F1}.Debug|Any CPU.Build.0 = Debug|Any CPU
		{564372EF-5067-4317-8BE7-EA1EFF1126F1}.Release|Any CPU.ActiveCfg = Release|Any CPU
		{564372EF-5067-4317-8BE7-EA1EFF1126F1}.Release|Any CPU.Build.0 = Release|Any CPU
	EndGlobalSection
	GlobalSection(SolutionProperties) = preSolution
		HideSolutionNode = FALSE
	EndGlobalSection
	GlobalSection(ExtensibilityGlobals) = postSolution
		SolutionGuid = {78E96119-35C9-4A1A-8009-BD2C2498246F}
	EndGlobalSection
EndGlobal
